
Microsoft Visual Studio Solution File, Format Version 12.00
# Visual Studio Version 17
VisualStudioVersion = 17.8.34309.116
MinimumVisualStudioVersion = 10.0.40219.1
Project("{FAE04EC0-301F-11D3-BF4B-00C04F79EFBC}") = "assignment5personal", "assignment5personal\assignment5personal.csproj", "{953341D0-1741-4DD9-912F-F23533BA6F0A}"
EndProject
Global
	GlobalSection(SolutionConfigurationPlatforms) = preSolution
		Debug|Any CPU = Debug|Any CPU
		Release|Any CPU = Release|Any CPU
	EndGlobalSection
	GlobalSection(ProjectConfigurationPlatforms) = postSolution
		{953341D0-1741-4DD9-912F-F23533BA6F0A}.Debug|Any CPU.ActiveCfg = Debug|Any CPU
		{953341D0-1741-4DD9-912F-F23533BA6F0A}.Debug|Any CPU.Build.0 = Debug|Any CPU
		{953341D0-1741-4DD9-912F-F23533BA6F0A}.Release|Any CPU.ActiveCfg = Release|Any CPU
		{953341D0-1741-4DD9-912F-F23533BA6F0A}.Release|Any CPU.Build.0 = Release|Any CPU
	EndGlobalSection
	GlobalSection(SolutionProperties) = preSolution
		HideSolutionNode = FALSE
	EndGlobalSection
	GlobalSection(ExtensibilityGlobals) = postSolution
		SolutionGuid = {400F3EF4-9C60-472C-AEF1-6C6B84395987}
	EndGlobalSection
EndGlobal
